{
    "_readme": [
        "This file locks the dependencies of your project to a known state",
        "Read more about it at https://getcomposer.org/doc/01-basic-usage.md#installing-dependencies",
        "This file is @generated automatically"
    ],
    "content-hash": "d8e5be288ea7911b9c6a68188d146e73",
    "packages": [
        {
            "name": "composer/installers",
            "version": "v2.2.0",
            "source": {
                "type": "git",
                "url": "https://github.com/composer/installers.git",
                "reference": "c29dc4b93137acb82734f672c37e029dfbd95b35"
            },
            "dist": {
                "type": "zip",
                "url": "https://api.github.com/repos/composer/installers/zipball/c29dc4b93137acb82734f672c37e029dfbd95b35",
                "reference": "c29dc4b93137acb82734f672c37e029dfbd95b35",
                "shasum": ""
            },
            "require": {
                "composer-plugin-api": "^1.0 || ^2.0",
                "php": "^7.2 || ^8.0"
            },
            "require-dev": {
                "composer/composer": "1.6.* || ^2.0",
                "composer/semver": "^1 || ^3",
                "phpstan/phpstan": "^0.12.55",
                "phpstan/phpstan-phpunit": "^0.12.16",
                "symfony/phpunit-bridge": "^5.3",
                "symfony/process": "^5"
            },
            "type": "composer-plugin",
            "extra": {
                "class": "Composer\\Installers\\Plugin",
                "branch-alias": {
                    "dev-main": "2.x-dev"
                },
                "plugin-modifies-install-path": true
            },
            "autoload": {
                "psr-4": {
                    "Composer\\Installers\\": "src/Composer/Installers"
                }
            },
            "notification-url": "https://packagist.org/downloads/",
            "license": [
                "MIT"
            ],
            "authors": [
                {
                    "name": "Kyle Robinson Young",
                    "email": "kyle@dontkry.com",
                    "homepage": "https://github.com/shama"
                }
            ],
            "description": "A multi-framework Composer library installer",
            "homepage": "https://composer.github.io/installers/",
            "keywords": [
                "Dolibarr",
                "Eliasis",
                "Hurad",
                "ImageCMS",
                "Kanboard",
                "Lan Management System",
                "MODX Evo",
                "MantisBT",
                "Mautic",
                "Maya",
                "OXID",
                "Plentymarkets",
                "Porto",
                "RadPHP",
                "SMF",
                "Starbug",
                "Thelia",
                "Whmcs",
                "WolfCMS",
                "agl",
                "annotatecms",
                "attogram",
                "bitrix",
                "cakephp",
                "chef",
                "cockpit",
                "codeigniter",
                "concrete5",
                "croogo",
                "dokuwiki",
                "drupal",
                "eZ Platform",
                "elgg",
                "expressionengine",
                "fuelphp",
                "grav",
                "installer",
                "itop",
                "known",
                "kohana",
                "laravel",
                "lavalite",
                "lithium",
                "magento",
                "majima",
                "mako",
                "matomo",
                "mediawiki",
                "miaoxing",
                "modulework",
                "modx",
                "moodle",
                "osclass",
                "pantheon",
                "phpbb",
                "piwik",
                "ppi",
                "processwire",
                "puppet",
                "pxcms",
                "reindex",
                "roundcube",
                "shopware",
                "silverstripe",
                "sydes",
                "sylius",
                "tastyigniter",
                "wordpress",
                "yawik",
                "zend",
                "zikula"
            ],
            "support": {
                "issues": "https://github.com/composer/installers/issues",
                "source": "https://github.com/composer/installers/tree/v2.2.0"
            },
            "funding": [
                {
                    "url": "https://packagist.com",
                    "type": "custom"
                },
                {
                    "url": "https://github.com/composer",
                    "type": "github"
                },
                {
                    "url": "https://tidelift.com/funding/github/packagist/composer/composer",
                    "type": "tidelift"
                }
            ],
            "time": "2022-08-20T06:45:11+00:00"
        },
        {
            "name": "fioru/lasntgadmin-attendees",
            "version": "3.5.1",
            "source": {
                "type": "git",
                "url": "git@github.com:fioru-software/lasntgadmin-attendees.git",
                "reference": "9dc1d587e80e15d081c43218261f7314b2daa5d6"
            },
            "dist": {
                "type": "zip",
                "url": "https://api.github.com/repos/fioru-software/lasntgadmin-attendees/zipball/9dc1d587e80e15d081c43218261f7314b2daa5d6",
                "reference": "9dc1d587e80e15d081c43218261f7314b2daa5d6",
                "shasum": ""
            },
            "require": {
                "composer/installers": "~2.0",
                "fioru/lasntgadmin-groups": "^1.2.0",
                "fioru/lasntgadmin-orders": "^1.5.2",
                "fioru/lasntgadmin-products": "^5.5.0",
                "symfony/uid": "^5.4"
            },
            "require-dev": {
                "dealerdirect/phpcodesniffer-composer-installer": "^0.7",
                "enlightn/security-checker": "dev-main",
                "fakerphp/faker": "^1.19",
                "mockery/mockery": "^1.5",
                "overtrue/phplint": "^3.0",
                "phpcompatibility/php-compatibility": "^9.3",
                "phpcompatibility/phpcompatibility-wp": "*",
                "squizlabs/php_codesniffer": "^3.7",
                "wp-coding-standards/wpcs": "dev-develop",
                "yoast/phpunit-polyfills": "^1.0"
            },
            "type": "wordpress-plugin",
            "extra": {
                "installer-name": "lasntgadmin-attendees"
            },
            "autoload": {
                "psr-4": {
                    "Lasntg\\Admin\\Attendees\\": "lib"
                }
            },
            "autoload-dev": {
                "psr-4": {
                    "Lasntg\\Admin\\Test\\": "tests/"
                }
            },
            "scripts": {
                "test": [
                    "phpunit --verbose --configuration phpunit.xml.dist --prepend vendor/autoload.php --testdox --colors=always"
                ],
                "lint": [
                    "phplint ./ --exclude=vendor"
                ],
                "check": [
                    "phpcs"
                ],
                "fix": [
                    "phpcbf"
                ],
                "secure": [
                    "security-checker security:check composer.lock"
                ],
                "all": [
                    "@lint",
                    "@check",
                    "@test",
                    "@secure"
                ]
            },
            "support": {
                "source": "https://github.com/fioru-software/lasntgadmin-attendees/tree/3.5.1",
                "issues": "https://github.com/fioru-software/lasntgadmin-attendees/issues"
            },
            "time": "2023-04-19T07:46:47+00:00"
        },
        {
            "name": "fioru/lasntgadmin-grant-funded-payment-gateway",
            "version": "1.3.2",
            "source": {
                "type": "git",
                "url": "git@github.com:fioru-software/lasntgadmin-grant-funded-payment-gateway.git",
                "reference": "1653ae198bfd8c0a25a6ab7c891f754afb2ae45f"
            },
            "dist": {
                "type": "zip",
                "url": "https://api.github.com/repos/fioru-software/lasntgadmin-grant-funded-payment-gateway/zipball/1653ae198bfd8c0a25a6ab7c891f754afb2ae45f",
                "reference": "1653ae198bfd8c0a25a6ab7c891f754afb2ae45f",
                "shasum": ""
            },
            "require": {
                "composer/installers": "~2.0",
                "fioru/lasntgadmin-groups": "^1.4"
            },
            "require-dev": {
                "dealerdirect/phpcodesniffer-composer-installer": "^0.7",
                "enlightn/security-checker": "dev-main",
                "fakerphp/faker": "^1.19",
                "mockery/mockery": "^1.5",
                "overtrue/phplint": "^3.0",
                "phpcompatibility/php-compatibility": "^9.3",
                "phpcompatibility/phpcompatibility-wp": "*",
                "squizlabs/php_codesniffer": "^3.7",
                "wp-coding-standards/wpcs": "dev-develop",
                "yoast/phpunit-polyfills": "^1.0"
            },
            "type": "wordpress-plugin",
            "extra": {
                "installer-name": "lasntgadmin-grant-funded-payment-gateway"
            },
            "autoload": {
                "psr-4": {
                    "Lasntg\\Admin\\PaymentGateway\\GrantFunded\\": "lib"
                }
            },
            "autoload-dev": {
                "psr-4": {
                    "Lasntg\\Admin\\Test\\": "tests/"
                }
            },
            "scripts": {
                "test": [
                    "phpunit --verbose --configuration phpunit.xml.dist --prepend vendor/autoload.php --testdox --colors=always"
                ],
                "lint": [
                    "phplint ./ --exclude=vendor"
                ],
                "check": [
                    "phpcs -ns"
                ],
                "fix": [
                    "phpcbf"
                ],
                "secure": [
                    "security-checker security:check composer.lock"
                ],
                "all": [
                    "@lint",
                    "@check",
                    "@test",
                    "@secure"
                ]
            },
            "support": {
                "source": "https://github.com/fioru-software/lasntgadmin-grant-funded-payment-gateway/tree/1.3.2",
                "issues": "https://github.com/fioru-software/lasntgadmin-grant-funded-payment-gateway/issues"
            },
            "time": "2023-04-26T14:16:49+00:00"
        },
        {
            "name": "fioru/lasntgadmin-groups",
            "version": "1.4.1",
            "source": {
                "type": "git",
                "url": "git@github.com:fioru-software/lasntgadmin-groups.git",
                "reference": "d7ed1825baaaa6e36a91f5e809693ea4446d6b79"
            },
            "dist": {
                "type": "zip",
                "url": "https://api.github.com/repos/fioru-software/lasntgadmin-groups/zipball/d7ed1825baaaa6e36a91f5e809693ea4446d6b79",
                "reference": "d7ed1825baaaa6e36a91f5e809693ea4446d6b79",
                "shasum": ""
            },
            "require": {
                "composer/installers": "~2.0"
            },
            "require-dev": {
                "dealerdirect/phpcodesniffer-composer-installer": "^0.7",
                "enlightn/security-checker": "dev-main",
                "fakerphp/faker": "^1.19",
                "mockery/mockery": "^1.5",
                "overtrue/phplint": "^3.0",
                "phpcompatibility/php-compatibility": "^9.3",
                "phpcompatibility/phpcompatibility-wp": "*",
                "squizlabs/php_codesniffer": "^3.7",
                "wp-coding-standards/wpcs": "dev-develop",
                "yoast/phpunit-polyfills": "^1.0"
            },
            "type": "wordpress-plugin",
            "extra": {
                "installer-name": "lasntgadmin-groups"
            },
            "autoload": {
                "psr-4": {
                    "Lasntg\\Admin\\Group\\": "lib"
                }
            },
            "autoload-dev": {
                "psr-4": {
                    "Lasntg\\Admin\\Test\\": "tests/"
                }
            },
            "scripts": {
                "test": [
                    "phpunit --verbose --configuration phpunit.xml.dist --prepend vendor/autoload.php --testdox --colors=always"
                ],
                "lint": [
                    "phplint ./ --exclude=vendor"
                ],
                "check": [
                    "phpcs -ns"
                ],
                "fix": [
                    "phpcbf"
                ],
                "secure": [
                    "security-checker security:check composer.lock"
                ],
                "all": [
                    "@lint",
                    "@check",
                    "@test",
                    "@secure"
                ]
            },
            "support": {
                "source": "https://github.com/fioru-software/lasntgadmin-groups/tree/1.4.1",
                "issues": "https://github.com/fioru-software/lasntgadmin-groups/issues"
            },
            "time": "2023-05-10T10:18:01+00:00"
        },
        {
            "name": "fioru/lasntgadmin-orders",
            "version": "1.5.13",
            "source": {
                "type": "git",
                "url": "git@github.com:fioru-software/lasntgadmin-orders.git",
                "reference": "2fb43d17a01f3035e49c081e15121627f8dcf014"
            },
            "dist": {
                "type": "zip",
                "url": "https://api.github.com/repos/fioru-software/lasntgadmin-orders/zipball/2fb43d17a01f3035e49c081e15121627f8dcf014",
                "reference": "2fb43d17a01f3035e49c081e15121627f8dcf014",
                "shasum": ""
            },
            "require": {
                "composer/installers": "~2.0",
                "fioru/lasntgadmin-attendees": "^3.1.0",
                "fioru/lasntgadmin-grant-funded-payment-gateway": "^1.0.7",
                "fioru/lasntgadmin-groups": "^1.1",
                "fioru/lasntgadmin-products": "^5.4.2",
                "fioru/lasntgadmin-subscriptions": "^2.1.2",
                "fioru/lasntgadmin-users": "^3.2.0"
            },
            "require-dev": {
                "dealerdirect/phpcodesniffer-composer-installer": "^0.7",
                "enlightn/security-checker": "dev-main",
                "fakerphp/faker": "^1.19",
                "mockery/mockery": "^1.5",
                "overtrue/phplint": "^3.0",
                "phpcompatibility/php-compatibility": "^9.3",
                "phpcompatibility/phpcompatibility-wp": "*",
                "squizlabs/php_codesniffer": "^3.7",
                "wp-coding-standards/wpcs": "dev-develop",
                "yoast/phpunit-polyfills": "^1.0"
            },
            "type": "wordpress-plugin",
            "extra": {
                "installer-name": "lasntgadmin-orders"
            },
            "autoload": {
                "psr-4": {
                    "Lasntg\\Admin\\Orders\\": "lib"
                }
            },
            "autoload-dev": {
                "psr-4": {
                    "Lasntg\\Admin\\Test\\": "tests/"
                }
            },
            "scripts": {
                "test": [
                    "phpunit --verbose --configuration phpunit.xml.dist --prepend vendor/autoload.php --testdox --colors=always"
                ],
                "lint": [
                    "phplint ./ --exclude=vendor"
                ],
                "check": [
                    "phpcs -ns"
                ],
                "fix": [
                    "phpcbf"
                ],
                "secure": [
                    "security-checker security:check composer.lock"
                ],
                "all": [
                    "@lint",
                    "@check",
                    "@test",
                    "@secure"
                ]
            },
            "support": {
                "source": "https://github.com/fioru-software/lasntgadmin-orders/tree/1.5.13",
                "issues": "https://github.com/fioru-software/lasntgadmin-orders/issues"
            },
            "time": "2023-05-09T14:23:27+00:00"
        },
        {
            "name": "fioru/lasntgadmin-products",
            "version": "5.8.3",
            "source": {
                "type": "git",
                "url": "git@github.com:fioru-software/lasntgadmin-products.git",
                "reference": "54cfa90040096d044ce5b8e421df6b10b0dd1543"
            },
            "dist": {
                "type": "zip",
                "url": "https://api.github.com/repos/fioru-software/lasntgadmin-products/zipball/54cfa90040096d044ce5b8e421df6b10b0dd1543",
                "reference": "54cfa90040096d044ce5b8e421df6b10b0dd1543",
                "shasum": ""
            },
            "require": {
                "composer/installers": "~2.0",
                "fioru/lasntgadmin-attendees": "^3.1.0",
                "fioru/lasntgadmin-grant-funded-payment-gateway": "^1.0.8",
                "fioru/lasntgadmin-groups": "^1.1",
                "fioru/lasntgadmin-orders": "^1.5",
                "fioru/lasntgadmin-users": "^3.0.2"
            },
            "require-dev": {
                "dealerdirect/phpcodesniffer-composer-installer": "^0.7",
                "enlightn/security-checker": "dev-main",
                "fakerphp/faker": "^1.19",
                "mockery/mockery": "^1.5",
                "overtrue/phplint": "^3.0",
                "phpcompatibility/php-compatibility": "^9.3",
                "phpcompatibility/phpcompatibility-wp": "*",
                "squizlabs/php_codesniffer": "^3.7",
                "wp-coding-standards/wpcs": "dev-develop",
                "yoast/phpunit-polyfills": "^1.0"
            },
            "type": "wordpress-plugin",
            "extra": {
                "installer-name": "lasntgadmin-products"
            },
            "autoload": {
                "psr-4": {
                    "Lasntg\\Admin\\Products\\": "lib"
                }
            },
            "autoload-dev": {
                "psr-4": {
                    "Lasntg\\Admin\\Test\\": "tests/"
                }
            },
            "scripts": {
                "test": [
                    "phpunit --verbose --configuration phpunit.xml.dist --prepend vendor/autoload.php --testdox --colors=always"
                ],
                "lint": [
                    "phplint ./ --exclude=vendor"
                ],
                "check": [
                    "phpcs -ns"
                ],
                "fix": [
                    "phpcbf"
                ],
                "secure": [
                    "security-checker security:check composer.lock"
                ],
                "all": [
                    "@lint",
                    "@check",
                    "@test",
                    "@secure"
                ]
            },
            "support": {
                "source": "https://github.com/fioru-software/lasntgadmin-products/tree/5.8.3",
                "issues": "https://github.com/fioru-software/lasntgadmin-products/issues"
            },
            "time": "2023-05-10T10:19:06+00:00"
        },
        {
            "name": "fioru/lasntgadmin-subscriptions",
            "version": "2.1.2",
            "source": {
                "type": "git",
                "url": "git@github.com:fioru-software/lasntgadmin-subscriptions.git",
                "reference": "342459b85c1c9c7b538f0ac8e0fde9be35a15323"
            },
            "dist": {
                "type": "zip",
                "url": "https://api.github.com/repos/fioru-software/lasntgadmin-subscriptions/zipball/342459b85c1c9c7b538f0ac8e0fde9be35a15323",
                "reference": "342459b85c1c9c7b538f0ac8e0fde9be35a15323",
                "shasum": ""
            },
            "require": {
                "composer/installers": "~2.0",
                "fioru/lasntgadmin-attendees": "^3.1.0",
                "fioru/lasntgadmin-grant-funded-payment-gateway": "^1.0.8",
                "fioru/lasntgadmin-groups": "^1.1",
                "fioru/lasntgadmin-orders": "^1.5",
                "fioru/lasntgadmin-products": "^5.4.0",
                "fioru/lasntgadmin-users": "^3.0.2"
            },
            "require-dev": {
                "dealerdirect/phpcodesniffer-composer-installer": "^0.7",
                "enlightn/security-checker": "dev-main",
                "fakerphp/faker": "^1.19",
                "mockery/mockery": "^1.5",
                "overtrue/phplint": "^3.0",
                "phpcompatibility/php-compatibility": "^9.3",
                "phpcompatibility/phpcompatibility-wp": "*",
                "squizlabs/php_codesniffer": "^3.7",
                "wp-coding-standards/wpcs": "dev-develop",
                "yoast/phpunit-polyfills": "^1.0"
            },
            "type": "wordpress-plugin",
            "extra": {
                "installer-name": "lasntgadmin-subscriptions"
            },
            "autoload": {
                "psr-4": {
                    "Lasntg\\Admin\\Subscriptions\\": "lib"
                }
            },
            "autoload-dev": {
                "psr-4": {
                    "Lasntg\\Admin\\Test\\": "tests/"
                }
            },
            "scripts": {
                "test": [
                    "phpunit --verbose --configuration phpunit.xml.dist --prepend vendor/autoload.php --testdox --colors=always"
                ],
                "lint": [
                    "phplint ./ --exclude=vendor"
                ],
                "check": [
                    "phpcs -ns"
                ],
                "fix": [
                    "phpcbf"
                ],
                "secure": [
                    "security-checker security:check composer.lock"
                ],
                "all": [
                    "@lint",
                    "@check",
                    "@test",
                    "@secure"
                ]
            },
            "support": {
                "source": "https://github.com/fioru-software/lasntgadmin-subscriptions/tree/2.1.2",
                "issues": "https://github.com/fioru-software/lasntgadmin-subscriptions/issues"
            },
            "time": "2023-04-04T13:01:59+00:00"
        },
        {
            "name": "fioru/lasntgadmin-translate",
            "version": "1.1.2",
            "source": {
                "type": "git",
                "url": "git@github.com:fioru-software/lasntgadmin-translate.git",
                "reference": "da1952869d65475fcedeb83fd2730b68d0a911f5"
            },
            "dist": {
                "type": "zip",
                "url": "https://api.github.com/repos/fioru-software/lasntgadmin-translate/zipball/da1952869d65475fcedeb83fd2730b68d0a911f5",
                "reference": "da1952869d65475fcedeb83fd2730b68d0a911f5",
                "shasum": ""
            },
            "require": {
                "composer/installers": "~2.0",
                "fioru/lasntgadmin-attendees": "^3.1.0",
                "fioru/lasntgadmin-grant-funded-payment-gateway": "^1.0.7",
                "fioru/lasntgadmin-groups": "^1.1",
                "fioru/lasntgadmin-products": "^5.8.0",
                "fioru/lasntgadmin-subscriptions": "^2.1.2",
                "fioru/lasntgadmin-users": "^3.2.0"
            },
            "require-dev": {
                "dealerdirect/phpcodesniffer-composer-installer": "^0.7",
                "enlightn/security-checker": "dev-main",
                "fakerphp/faker": "^1.19",
                "mockery/mockery": "^1.5",
                "overtrue/phplint": "^3.0",
                "phpcompatibility/php-compatibility": "^9.3",
                "phpcompatibility/phpcompatibility-wp": "*",
                "squizlabs/php_codesniffer": "^3.7",
                "wp-coding-standards/wpcs": "dev-develop",
                "yoast/phpunit-polyfills": "^1.0"
            },
            "type": "wordpress-plugin",
            "extra": {
                "installer-name": "lasntgadmin-translate"
            },
            "autoload": {
                "psr-4": {
                    "Lasntg\\Admin\\Translate\\": "lib"
                }
            },
            "autoload-dev": {
                "psr-4": {
                    "Lasntg\\Admin\\Test\\": "tests/"
                }
            },
            "scripts": {
                "test": [
                    "phpunit --verbose --configuration phpunit.xml.dist --prepend vendor/autoload.php --testdox --colors=always"
                ],
                "lint": [
                    "phplint ./ --exclude=vendor"
                ],
                "check": [
                    "phpcs -ns"
                ],
                "fix": [
                    "phpcbf"
                ],
                "secure": [
                    "security-checker security:check composer.lock"
                ],
                "all": [
                    "@lint",
                    "@check",
                    "@test",
                    "@secure"
                ]
            },
            "support": {
                "source": "https://github.com/fioru-software/lasntgadmin-translate/tree/1.1.2",
                "issues": "https://github.com/fioru-software/lasntgadmin-translate/issues"
            },
            "time": "2023-05-10T09:20:39+00:00"
        },
        {
            "name": "fioru/lasntgadmin-users",
            "version": "3.3.2",
            "source": {
                "type": "git",
                "url": "git@github.com:fioru-software/lasntgadmin-users.git",
                "reference": "7e7b20875e555bcc7d3f2a8a276bce32a4c3dcf6"
            },
            "dist": {
                "type": "zip",
                "url": "https://api.github.com/repos/fioru-software/lasntgadmin-users/zipball/7e7b20875e555bcc7d3f2a8a276bce32a4c3dcf6",
                "reference": "7e7b20875e555bcc7d3f2a8a276bce32a4c3dcf6",
                "shasum": ""
            },
            "require": {
                "composer/installers": "~2.0",
                "fioru/lasntgadmin-groups": "^1.3.0"
            },
            "require-dev": {
                "dealerdirect/phpcodesniffer-composer-installer": "^0.7",
                "enlightn/security-checker": "dev-main",
                "fakerphp/faker": "^1.19",
                "mockery/mockery": "^1.5",
                "overtrue/phplint": "^3.0",
                "phpcompatibility/php-compatibility": "^9.3",
                "phpcompatibility/phpcompatibility-wp": "*",
                "squizlabs/php_codesniffer": "^3.7",
                "wp-coding-standards/wpcs": "dev-develop",
                "yoast/phpunit-polyfills": "^1.0"
            },
            "type": "wordpress-plugin",
            "extra": {
                "installer-name": "lasntgadmin-users"
            },
            "autoload": {
                "psr-4": {
                    "Lasntg\\Admin\\Users\\": "lib"
                }
            },
            "autoload-dev": {
                "psr-4": {
                    "Lasntg\\Admin\\Test\\": "tests/"
                }
            },
            "scripts": {
                "test": [
                    "phpunit --verbose --configuration phpunit.xml.dist --prepend vendor/autoload.php --testdox --colors=always"
                ],
                "lint": [
                    "phplint ./ --exclude=vendor"
                ],
                "check": [
                    "phpcs -ns"
                ],
                "fix": [
                    "phpcbf"
                ],
                "secure": [
                    "security-checker security:check composer.lock"
                ],
                "all": [
                    "@lint",
                    "@check",
                    "@test",
                    "@secure"
                ]
            },
            "support": {
                "source": "https://github.com/fioru-software/lasntgadmin-users/tree/3.3.2",
                "issues": "https://github.com/fioru-software/lasntgadmin-users/issues"
            },
            "time": "2023-05-10T09:32:34+00:00"
        },
        {
            "name": "symfony/polyfill-uuid",
            "version": "v1.27.0",
            "source": {
                "type": "git",
                "url": "https://github.com/symfony/polyfill-uuid.git",
                "reference": "f3cf1a645c2734236ed1e2e671e273eeb3586166"
            },
            "dist": {
                "type": "zip",
                "url": "https://api.github.com/repos/symfony/polyfill-uuid/zipball/f3cf1a645c2734236ed1e2e671e273eeb3586166",
                "reference": "f3cf1a645c2734236ed1e2e671e273eeb3586166",
                "shasum": ""
            },
            "require": {
                "php": ">=7.1"
            },
            "provide": {
                "ext-uuid": "*"
            },
            "suggest": {
                "ext-uuid": "For best performance"
            },
            "type": "library",
            "extra": {
                "branch-alias": {
                    "dev-main": "1.27-dev"
                },
                "thanks": {
                    "name": "symfony/polyfill",
                    "url": "https://github.com/symfony/polyfill"
                }
            },
            "autoload": {
                "files": [
                    "bootstrap.php"
                ],
                "psr-4": {
                    "Symfony\\Polyfill\\Uuid\\": ""
                }
            },
            "notification-url": "https://packagist.org/downloads/",
            "license": [
                "MIT"
            ],
            "authors": [
                {
                    "name": "Grégoire Pineau",
                    "email": "lyrixx@lyrixx.info"
                },
                {
                    "name": "Symfony Community",
                    "homepage": "https://symfony.com/contributors"
                }
            ],
            "description": "Symfony polyfill for uuid functions",
            "homepage": "https://symfony.com",
            "keywords": [
                "compatibility",
                "polyfill",
                "portable",
                "uuid"
            ],
            "support": {
                "source": "https://github.com/symfony/polyfill-uuid/tree/v1.27.0"
            },
            "funding": [
                {
                    "url": "https://symfony.com/sponsor",
                    "type": "custom"
                },
                {
                    "url": "https://github.com/fabpot",
                    "type": "github"
                },
                {
                    "url": "https://tidelift.com/funding/github/packagist/symfony/symfony",
                    "type": "tidelift"
                }
            ],
            "time": "2022-11-03T14:55:06+00:00"
        },
        {
            "name": "symfony/uid",
            "version": "v5.4.21",
            "source": {
                "type": "git",
                "url": "https://github.com/symfony/uid.git",
                "reference": "a30744506976aafc807ccb0d4f95865c0a690d02"
            },
            "dist": {
                "type": "zip",
                "url": "https://api.github.com/repos/symfony/uid/zipball/a30744506976aafc807ccb0d4f95865c0a690d02",
                "reference": "a30744506976aafc807ccb0d4f95865c0a690d02",
                "shasum": ""
            },
            "require": {
                "php": ">=7.2.5",
                "symfony/polyfill-uuid": "^1.15"
            },
            "require-dev": {
                "symfony/console": "^4.4|^5.0|^6.0"
            },
            "type": "library",
            "autoload": {
                "psr-4": {
                    "Symfony\\Component\\Uid\\": ""
                },
                "exclude-from-classmap": [
                    "/Tests/"
                ]
            },
            "notification-url": "https://packagist.org/downloads/",
            "license": [
                "MIT"
            ],
            "authors": [
                {
                    "name": "Grégoire Pineau",
                    "email": "lyrixx@lyrixx.info"
                },
                {
                    "name": "Nicolas Grekas",
                    "email": "p@tchwork.com"
                },
                {
                    "name": "Symfony Community",
                    "homepage": "https://symfony.com/contributors"
                }
            ],
            "description": "Provides an object-oriented API to generate and represent UIDs",
            "homepage": "https://symfony.com",
            "keywords": [
                "UID",
                "ulid",
                "uuid"
            ],
            "support": {
                "source": "https://github.com/symfony/uid/tree/v5.4.21"
            },
            "funding": [
                {
                    "url": "https://symfony.com/sponsor",
                    "type": "custom"
                },
                {
                    "url": "https://github.com/fabpot",
                    "type": "github"
                },
                {
                    "url": "https://tidelift.com/funding/github/packagist/symfony/symfony",
                    "type": "tidelift"
                }
            ],
            "time": "2023-02-14T08:03:56+00:00"
        }
    ],
    "packages-dev": [],
    "aliases": [],
    "minimum-stability": "stable",
    "stability-flags": {
        "fioru/lasntgadmin-grant-funded-payment-gateway": 0,
        "fioru/lasntgadmin-attendees": 0,
        "fioru/lasntgadmin-groups": 0,
        "fioru/lasntgadmin-products": 0,
        "fioru/lasntgadmin-users": 0,
        "fioru/lasntgadmin-orders": 0,
        "fioru/lasntgadmin-subscriptions": 0,
        "fioru/lasntgadmin-translate": 0
    },
    "prefer-stable": false,
    "prefer-lowest": false,
    "platform": [],
    "platform-dev": [],
    "plugin-api-version": "2.3.0"
}
